<?xml version="1.0" encoding="utf-8"?>
<Project ToolsVersion="4.0" xmlns="http://schemas.microsoft.com/developer/msbuild/2003">
  <ItemGroup>
    <Filter Include="imgui">
      <UniqueIdentifier>{c336cfe3-f0c4-464c-9ef0-a9e17a7ff222}</UniqueIdentifier>
    </Filter>
    <Filter Include="sources">
      <UniqueIdentifier>{4FC737F1-C7A5-4376-A066-2A32D752A2FF}</UniqueIdentifier>
      <Extensions>cpp;c;cc;cxx;def;odl;idl;hpj;bat;asm;asmx</Extensions>
    </Filter>
    <Filter Include="network">
      <UniqueIdentifier>{f8e1bcb0-6d8e-419c-8c3b-e2bdbd46c44d}</UniqueIdentifier>
    </Filter>
    <Filter Include="utility">
      <UniqueIdentifier>{ad6da70b-c683-4154-b99b-c3e224e8d406}</UniqueIdentifier>
    </Filter>
  </ItemGroup>
  <ItemGroup>
    <ClCompile Include="main.cpp">
      <Filter>sources</Filter>
    </ClCompile>
    <ClCompile Include="..\..\imgui.cpp">
      <Filter>imgui</Filter>
    </ClCompile>
    <ClCompile Include="imgui_impl_glfw.cpp">
      <Filter>imgui</Filter>
    </ClCompile>
  </ItemGroup>
  <ItemGroup>
    <ClInclude Include="..\..\imconfig.h">
      <Filter>imgui</Filter>
    </ClInclude>
    <ClInclude Include="..\..\imgui.h">
      <Filter>imgui</Filter>
    </ClInclude>
    <ClInclude Include="messaging.h">
      <Filter>network</Filter>
    </ClInclude>
    <ClInclude Include="strsplit.h">
      <Filter>utility</Filter>
    </ClInclude>
    <ClInclude Include="handlers.h">
      <Filter>network</Filter>
    </ClInclude>
    <ClInclude Include="imgui_impl_glfw.h">
      <Filter>imgui</Filter>
    </ClInclude>
    <ClInclude Include="gui.h">
      <Filter>utility</Filter>
    </ClInclude>
    <ClInclude Include="storage.h">
      <Filter>utility</Filter>
    </ClInclude>
    <ClInclude Include="main.h">
      <Filter>sources</Filter>
    </ClInclude>
    <ClInclude Include="mesh.h">
      <Filter>utility</Filter>
    </ClInclude>
  </ItemGroup>
</Project>